
Microsoft Visual Studio Solution File, Format Version 12.00
# Visual Studio Version 16
VisualStudioVersion = 16.0.30225.117
MinimumVisualStudioVersion = 10.0.40219.1
Project("{FAE04EC0-301F-11D3-BF4B-00C04F79EFBC}") = "Image Gallery Demo", "Image Gallery Demo\Image Gallery Demo.csproj", "{444906C3-20E2-40F5-B3A0-C30306F0F7E5}"
EndProject
Global
	GlobalSection(SolutionConfigurationPlatforms) = preSolution
		Debug|Any CPU = Debug|Any CPU
		Release|Any CPU = Release|Any CPU
	EndGlobalSection
	GlobalSection(ProjectConfigurationPlatforms) = postSolution
		{444906C3-20E2-40F5-B3A0-C30306F0F7E5}.Debug|Any CPU.ActiveCfg = Debug|Any CPU
		{444906C3-20E2-40F5-B3A0-C30306F0F7E5}.Debug|Any CPU.Build.0 = Debug|Any CPU
		{444906C3-20E2-40F5-B3A0-C30306F0F7E5}.Release|Any CPU.ActiveCfg = Release|Any CPU
		{444906C3-20E2-40F5-B3A0-C30306F0F7E5}.Release|Any CPU.Build.0 = Release|Any CPU
	EndGlobalSection
	GlobalSection(SolutionProperties) = preSolution
		HideSolutionNode = FALSE
	EndGlobalSection
	GlobalSection(ExtensibilityGlobals) = postSolution
		SolutionGuid = {0229A170-7057-4AE4-9B2F-545653DD1C70}
	EndGlobalSection
EndGlobal
